
Microsoft Visual Studio Solution File, Format Version 12.00
# Visual Studio Version 16
VisualStudioVersion = 16.0.31410.357
MinimumVisualStudioVersion = 10.0.40219.1
Project("{FAE04EC0-301F-11D3-BF4B-00C04F79EFBC}") = "HelloWorld", "HelloWorld\HelloWorld.csproj", "{47D153CF-98B5-4BE1-ABE1-C9F94742B73B}"
EndProject
Global
	GlobalSection(SolutionConfigurationPlatforms) = preSolution
		Debug|Any CPU = Debug|Any CPU
		Release|Any CPU = Release|Any CPU
	EndGlobalSection
	GlobalSection(ProjectConfigurationPlatforms) = postSolution
		{47D153CF-98B5-4BE1-ABE1-C9F94742B73B}.Debug|Any CPU.ActiveCfg = Debug|Any CPU
		{47D153CF-98B5-4BE1-ABE1-C9F94742B73B}.Debug|Any CPU.Build.0 = Debug|Any CPU
		{47D153CF-98B5-4BE1-ABE1-C9F94742B73B}.Release|Any CPU.ActiveCfg = Release|Any CPU
		{47D153CF-98B5-4BE1-ABE1-C9F94742B73B}.Release|Any CPU.Build.0 = Release|Any CPU
	EndGlobalSection
	GlobalSection(SolutionProperties) = preSolution
		HideSolutionNode = FALSE
	EndGlobalSection
	GlobalSection(ExtensibilityGlobals) = postSolution
		SolutionGuid = {2FB84726-D015-4B3D-87D5-3B0227020B60}
	EndGlobalSection
EndGlobal
